{
	"name": "vesper-vibrant",
	"version": "0.0.40",
	"lockfileVersion": 3,
	"requires": true,
	"packages": {
		"": {
			"name": "vesper-vibrant",
			"version": "0.0.40",
			"license": "MIT",
			"dependencies": {
				"vesper-vibrant": "file:"
			},
			"engines": {
				"vscode": "^1.75.0"
			}
		},
		"node_modules/vesper-vibrant": {
			"resolved": "",
			"link": true
		}
	}
}
